
Microsoft Visual Studio Solution File, Format Version 12.00
# Visual Studio Version 17
VisualStudioVersion = 17.10.35027.167
MinimumVisualStudioVersion = 10.0.40219.1
Project("{FAE04EC0-301F-11D3-BF4B-00C04F79EFBC}") = "Ejercicio5", "Ejercicio5\Ejercicio5.csproj", "{96926E06-E261-48D8-A8EB-09D6D1CE096A}"
EndProject
Global
	GlobalSection(SolutionConfigurationPlatforms) = preSolution
		Debug|Any CPU = Debug|Any CPU
		Release|Any CPU = Release|Any CPU
	EndGlobalSection
	GlobalSection(ProjectConfigurationPlatforms) = postSolution
		{96926E06-E261-48D8-A8EB-09D6D1CE096A}.Debug|Any CPU.ActiveCfg = Debug|Any CPU
		{96926E06-E261-48D8-A8EB-09D6D1CE096A}.Debug|Any CPU.Build.0 = Debug|Any CPU
		{96926E06-E261-48D8-A8EB-09D6D1CE096A}.Release|Any CPU.ActiveCfg = Release|Any CPU
		{96926E06-E261-48D8-A8EB-09D6D1CE096A}.Release|Any CPU.Build.0 = Release|Any CPU
	EndGlobalSection
	GlobalSection(SolutionProperties) = preSolution
		HideSolutionNode = FALSE
	EndGlobalSection
	GlobalSection(ExtensibilityGlobals) = postSolution
		SolutionGuid = {FED270EF-18AE-4CC3-B341-9AB2ADAD9D9D}
	EndGlobalSection
EndGlobal
