
Microsoft Visual Studio Solution File, Format Version 12.00
# Visual Studio Version 17
VisualStudioVersion = 17.10.35027.167
MinimumVisualStudioVersion = 10.0.40219.1
Project("{FAE04EC0-301F-11D3-BF4B-00C04F79EFBC}") = "Ejercicio15", "Ejercicio15\Ejercicio15.csproj", "{45311252-F558-474D-830D-6A83C29F1C23}"
EndProject
Global
	GlobalSection(SolutionConfigurationPlatforms) = preSolution
		Debug|Any CPU = Debug|Any CPU
		Release|Any CPU = Release|Any CPU
	EndGlobalSection
	GlobalSection(ProjectConfigurationPlatforms) = postSolution
		{45311252-F558-474D-830D-6A83C29F1C23}.Debug|Any CPU.ActiveCfg = Debug|Any CPU
		{45311252-F558-474D-830D-6A83C29F1C23}.Debug|Any CPU.Build.0 = Debug|Any CPU
		{45311252-F558-474D-830D-6A83C29F1C23}.Release|Any CPU.ActiveCfg = Release|Any CPU
		{45311252-F558-474D-830D-6A83C29F1C23}.Release|Any CPU.Build.0 = Release|Any CPU
	EndGlobalSection
	GlobalSection(SolutionProperties) = preSolution
		HideSolutionNode = FALSE
	EndGlobalSection
	GlobalSection(ExtensibilityGlobals) = postSolution
		SolutionGuid = {27ADE8C3-583B-4A69-BEC7-36D801FEE2A0}
	EndGlobalSection
EndGlobal
