
Microsoft Visual Studio Solution File, Format Version 12.00
# Visual Studio Version 17
VisualStudioVersion = 17.10.35027.167
MinimumVisualStudioVersion = 10.0.40219.1
Project("{FAE04EC0-301F-11D3-BF4B-00C04F79EFBC}") = "Ejercicio14", "Ejercicio14\Ejercicio14.csproj", "{32B5E798-87DF-4D51-BA8B-4FE340164B8E}"
EndProject
Global
	GlobalSection(SolutionConfigurationPlatforms) = preSolution
		Debug|Any CPU = Debug|Any CPU
		Release|Any CPU = Release|Any CPU
	EndGlobalSection
	GlobalSection(ProjectConfigurationPlatforms) = postSolution
		{32B5E798-87DF-4D51-BA8B-4FE340164B8E}.Debug|Any CPU.ActiveCfg = Debug|Any CPU
		{32B5E798-87DF-4D51-BA8B-4FE340164B8E}.Debug|Any CPU.Build.0 = Debug|Any CPU
		{32B5E798-87DF-4D51-BA8B-4FE340164B8E}.Release|Any CPU.ActiveCfg = Release|Any CPU
		{32B5E798-87DF-4D51-BA8B-4FE340164B8E}.Release|Any CPU.Build.0 = Release|Any CPU
	EndGlobalSection
	GlobalSection(SolutionProperties) = preSolution
		HideSolutionNode = FALSE
	EndGlobalSection
	GlobalSection(ExtensibilityGlobals) = postSolution
		SolutionGuid = {DA6910C5-1322-4E5A-A7DB-3496B9CBDE80}
	EndGlobalSection
EndGlobal
